
Microsoft Visual Studio Solution File, Format Version 11.00
# Visual Studio 2010
Project("{FAE04EC0-301F-11D3-BF4B-00C04F79EFBC}") = "MyRPG", "MyRPG\MyRPG.csproj", "{C68F74C2-9E4E-4487-81BF-EC9D3E1E9852}"
EndProject
Global
	GlobalSection(SolutionConfigurationPlatforms) = preSolution
		Debug|x86 = Debug|x86
		Release|x86 = Release|x86
		AppStore|x86 = AppStore|x86
	EndGlobalSection
	GlobalSection(ProjectConfigurationPlatforms) = postSolution
		{C68F74C2-9E4E-4487-81BF-EC9D3E1E9852}.AppStore|x86.ActiveCfg = AppStore|x86
		{C68F74C2-9E4E-4487-81BF-EC9D3E1E9852}.AppStore|x86.Build.0 = AppStore|x86
		{C68F74C2-9E4E-4487-81BF-EC9D3E1E9852}.Debug|x86.ActiveCfg = Debug|x86
		{C68F74C2-9E4E-4487-81BF-EC9D3E1E9852}.Debug|x86.Build.0 = Debug|x86
		{C68F74C2-9E4E-4487-81BF-EC9D3E1E9852}.Release|x86.ActiveCfg = Release|x86
		{C68F74C2-9E4E-4487-81BF-EC9D3E1E9852}.Release|x86.Build.0 = Release|x86
	EndGlobalSection
	GlobalSection(MonoDevelopProperties) = preSolution
		StartupItem = MyRPG\MyRPG.csproj
	EndGlobalSection
EndGlobal
